
Microsoft Visual Studio Solution File, Format Version 12.00
# Visual Studio Version 16
VisualStudioVersion = 16.0.29613.14
MinimumVisualStudioVersion = 10.0.40219.1
Project("{FAE04EC0-301F-11D3-BF4B-00C04F79EFBC}") = "Acceso", "Acceso\Acceso.csproj", "{AB58AE9F-7245-447A-8E3E-C73774CA7ABD}"
EndProject
Project("{FAE04EC0-301F-11D3-BF4B-00C04F79EFBC}") = "Dominio", "Dominio\Dominio.csproj", "{6623EEAD-5CA0-4C18-90CC-0F222A90375D}"
EndProject
Global
	GlobalSection(SolutionConfigurationPlatforms) = preSolution
		Debug|Any CPU = Debug|Any CPU
		Release|Any CPU = Release|Any CPU
	EndGlobalSection
	GlobalSection(ProjectConfigurationPlatforms) = postSolution
		{AB58AE9F-7245-447A-8E3E-C73774CA7ABD}.Debug|Any CPU.ActiveCfg = Debug|Any CPU
		{AB58AE9F-7245-447A-8E3E-C73774CA7ABD}.Debug|Any CPU.Build.0 = Debug|Any CPU
		{AB58AE9F-7245-447A-8E3E-C73774CA7ABD}.Release|Any CPU.ActiveCfg = Release|Any CPU
		{AB58AE9F-7245-447A-8E3E-C73774CA7ABD}.Release|Any CPU.Build.0 = Release|Any CPU
		{6623EEAD-5CA0-4C18-90CC-0F222A90375D}.Debug|Any CPU.ActiveCfg = Debug|Any CPU
		{6623EEAD-5CA0-4C18-90CC-0F222A90375D}.Debug|Any CPU.Build.0 = Debug|Any CPU
		{6623EEAD-5CA0-4C18-90CC-0F222A90375D}.Release|Any CPU.ActiveCfg = Release|Any CPU
		{6623EEAD-5CA0-4C18-90CC-0F222A90375D}.Release|Any CPU.Build.0 = Release|Any CPU
	EndGlobalSection
	GlobalSection(SolutionProperties) = preSolution
		HideSolutionNode = FALSE
	EndGlobalSection
	GlobalSection(ExtensibilityGlobals) = postSolution
		SolutionGuid = {B10C8DF4-C664-4FF2-8741-5E02951A5C85}
	EndGlobalSection
EndGlobal
